<?xml version="1.0" encoding="utf-8"?>
<Project ToolsVersion="4.0" xmlns="http://schemas.microsoft.com/developer/msbuild/2003">
  <ItemGroup>
    <ClCompile Include="src\GameLoop.cpp" />
    <ClCompile Include="src\main.cpp" />
    <ClCompile Include="src\Utilities\Utils.cpp">
      <Filter>Utilities</Filter>
    </ClCompile>
    <ClCompile Include="src\Entities\Player.cpp">
      <Filter>Entities</Filter>
    </ClCompile>
    <ClCompile Include="src\Scenes\MainMenu.cpp">
      <Filter>Scenes</Filter>
    </ClCompile>
    <ClCompile Include="src\Scenes\Credits.cpp">
      <Filter>Scenes</Filter>
    </ClCompile>
    <ClCompile Include="src\Scenes\GamePlay.cpp">
      <Filter>Scenes</Filter>
    </ClCompile>
    <ClCompile Include="src\UI\Button.cpp">
      <Filter>UI</Filter>
    </ClCompile>
    <ClCompile Include="src\UI\Text.cpp">
      <Filter>UI</Filter>
    </ClCompile>
    <ClCompile Include="src\Entities\Parallax.cpp">
      <Filter>Entities</Filter>
    </ClCompile>
    <ClCompile Include="src\Entities\Pause.cpp">
      <Filter>Entities</Filter>
    </ClCompile>
    <ClCompile Include="src\Scenes\HowToPlay.cpp">
      <Filter>Scenes</Filter>
    </ClCompile>
    <ClCompile Include="src\Entities\Obstacle.cpp">
      <Filter>Entities</Filter>
    </ClCompile>
    <ClCompile Include="src\Utilities\SoundManager.cpp">
      <Filter>Utilities</Filter>
    </ClCompile>
  </ItemGroup>
  <ItemGroup>
    <ClInclude Include="src\GameLoop.h" />
    <ClInclude Include="src\Utilities\Utils.h">
      <Filter>Utilities</Filter>
    </ClInclude>
    <ClInclude Include="src\Entities\Player.h">
      <Filter>Entities</Filter>
    </ClInclude>
    <ClInclude Include="src\Scenes\Credits.h">
      <Filter>Scenes</Filter>
    </ClInclude>
    <ClInclude Include="src\Scenes\GamePlay.h">
      <Filter>Scenes</Filter>
    </ClInclude>
    <ClInclude Include="src\Scenes\MainMenu.h">
      <Filter>Scenes</Filter>
    </ClInclude>
    <ClInclude Include="src\UI\Button.h">
      <Filter>UI</Filter>
    </ClInclude>
    <ClInclude Include="src\UI\Text.h">
      <Filter>UI</Filter>
    </ClInclude>
    <ClInclude Include="src\Entities\Parallax.h">
      <Filter>Entities</Filter>
    </ClInclude>
    <ClInclude Include="src\Entities\Pause.h">
      <Filter>Entities</Filter>
    </ClInclude>
    <ClInclude Include="src\Scenes\HowToPlay.h">
      <Filter>Scenes</Filter>
    </ClInclude>
    <ClInclude Include="src\Entities\Obstacle.h">
      <Filter>Entities</Filter>
    </ClInclude>
    <ClInclude Include="src\Utilities\SoundManager.h">
      <Filter>Utilities</Filter>
    </ClInclude>
  </ItemGroup>
  <ItemGroup>
    <Filter Include="Utilities">
      <UniqueIdentifier>{b5bda6dd-0fb1-4f64-8ccc-d91a612b8003}</UniqueIdentifier>
    </Filter>
    <Filter Include="Entities">
      <UniqueIdentifier>{f535dbd1-43d8-4947-ab27-917e907c0e04}</UniqueIdentifier>
    </Filter>
    <Filter Include="Scenes">
      <UniqueIdentifier>{f59fd9d4-d264-49c7-928f-7cb567ff42ca}</UniqueIdentifier>
    </Filter>
    <Filter Include="UI">
      <UniqueIdentifier>{b9e42839-94d4-4021-8d9c-7fbec0ec7e35}</UniqueIdentifier>
    </Filter>
  </ItemGroup>
</Project>